// !$*UTF8*$!
{
	archiveVersion = 1;
	classes = {
	};
	objectVersion = 46;
	objects = {

/* Begin PBXBuildFile section */
		CE86BF0A17DA1C2100C3B544 /* Foundation.framework in Frameworks */ = {isa = PBXBuildFile; fileRef = CE86BF0917DA1C2100C3B544 /* Foundation.framework */; };
		CE86BF0C17DA1C2100C3B544 /* CoreGraphics.framework in Frameworks */ = {isa = PBXBuildFile; fileRef = CE86BF0B17DA1C2100C3B544 /* CoreGraphics.framework */; };
		CE86BF0E17DA1C2100C3B544 /* UIKit.framework in Frameworks */ = {isa = PBXBuildFile; fileRef = CE86BF0D17DA1C2100C3B544 /* UIKit.framework */; };
		CE86BF1417DA1C2100C3B544 /* InfoPlist.strings in Resources */ = {isa = PBXBuildFile; fileRef = CE86BF1217DA1C2100C3B544 /* InfoPlist.strings */; };
		CE86BF1617DA1C2100C3B544 /* main.m in Sources */ = {isa = PBXBuildFile; fileRef = CE86BF1517DA1C2100C3B544 /* main.m */; };
		CE86BF1A17DA1C2100C3B544 /* AppDelegate.m in Sources */ = {isa = PBXBuildFile; fileRef = CE86BF1917DA1C2100C3B544 /* AppDelegate.m */; };
		CE86BF1D17DA1C2100C3B544 /* Main.storyboard in Resources */ = {isa = PBXBuildFile; fileRef = CE86BF1B17DA1C2100C3B544 /* Main.storyboard */; };
		CE86BF2017DA1C2100C3B544 /* ViewController.m in Sources */ = {isa = PBXBuildFile; fileRef = CE86BF1F17DA1C2100C3B544 /* ViewController.m */; };
		CE86BF2217DA1C2100C3B544 /* Images.xcassets in Resources */ = {isa = PBXBuildFile; fileRef = CE86BF2117DA1C2100C3B544 /* Images.xcassets */; };
		CE86BF2917DA1C2100C3B544 /* XCTest.framework in Frameworks */ = {isa = PBXBuildFile; fileRef = CE86BF2817DA1C2100C3B544 /* XCTest.framework */; };
		CE86BF2A17DA1C2100C3B544 /* Foundation.framework in Frameworks */ = {isa = PBXBuildFile; fileRef = CE86BF0917DA1C2100C3B544 /* Foundation.framework */; };
		CE86BF2B17DA1C2100C3B544 /* UIKit.framework in Frameworks */ = {isa = PBXBuildFile; fileRef = CE86BF0D17DA1C2100C3B544 /* UIKit.framework */; };
		CE86BF3317DA1C2100C3B544 /* InfoPlist.strings in Resources */ = {isa = PBXBuildFile; fileRef = CE86BF3117DA1C2100C3B544 /* InfoPlist.strings */; };
		CE86BF3517DA1C2100C3B544 /* Task1Tests.m in Sources */ = {isa = PBXBuildFile; fileRef = CE86BF3417DA1C2100C3B544 /* Task1Tests.m */; };
/* End PBXBuildFile section */

/* Begin PBXContainerItemProxy section */
		CE86BF2C17DA1C2100C3B544 /* PBXContainerItemProxy */ = {
			isa = PBXContainerItemProxy;
			containerPortal = CE86BEFE17DA1C2100C3B544 /* Project object */;
			proxyType = 1;
			remoteGlobalIDString = CE86BF0517DA1C2100C3B544;
			remoteInfo = Task1;
		};
/* End PBXContainerItemProxy section */

/* Begin PBXFileReference section */
		CE86BF0617DA1C2100C3B544 /* Task1.app */ = {isa = PBXFileReference; explicitFileType = wrapper.application; includeInIndex = 0; path = Task1.app; sourceTree = BUILT_PRODUCTS_DIR; };
		CE86BF0917DA1C2100C3B544 /* Foundation.framework */ = {isa = PBXFileReference; lastKnownFileType = wrapper.framework; name = Foundation.framework; path = System/Library/Frameworks/Foundation.framework; sourceTree = SDKROOT; };
		CE86BF0B17DA1C2100C3B544 /* CoreGraphics.framework */ = {isa = PBXFileReference; lastKnownFileType = wrapper.framework; name = CoreGraphics.framework; path = System/Library/Frameworks/CoreGraphics.framework; sourceTree = SDKROOT; };
		CE86BF0D17DA1C2100C3B544 /* UIKit.framework */ = {isa = PBXFileReference; lastKnownFileType = wrapper.framework; name = UIKit.framework; path = System/Library/Frameworks/UIKit.framework; sourceTree = SDKROOT; };
		CE86BF1117DA1C2100C3B544 /* Task1-Info.plist */ = {isa = PBXFileReference; lastKnownFileType = text.plist.xml; path = "Task1-Info.plist"; sourceTree = "<group>"; };
		CE86BF1317DA1C2100C3B544 /* en */ = {isa = PBXFileReference; lastKnownFileType = text.plist.strings; name = en; path = en.lproj/InfoPlist.strings; sourceTree = "<group>"; };
		CE86BF1517DA1C2100C3B544 /* main.m */ = {isa = PBXFileReference; lastKnownFileType = sourcecode.c.objc; path = main.m; sourceTree = "<group>"; };
		CE86BF1717DA1C2100C3B544 /* Task1-Prefix.pch */ = {isa = PBXFileReference; lastKnownFileType = sourcecode.c.h; path = "Task1-Prefix.pch"; sourceTree = "<group>"; };
		CE86BF1817DA1C2100C3B544 /* AppDelegate.h */ = {isa = PBXFileReference; lastKnownFileType = sourcecode.c.h; path = AppDelegate.h; sourceTree = "<group>"; };
		CE86BF1917DA1C2100C3B544 /* AppDelegate.m */ = {isa = PBXFileReference; lastKnownFileType = sourcecode.c.objc; path = AppDelegate.m; sourceTree = "<group>"; };
		CE86BF1C17DA1C2100C3B544 /* Base */ = {isa = PBXFileReference; lastKnownFileType = file.storyboard; name = Base; path = Base.lproj/Main.storyboard; sourceTree = "<group>"; };
		CE86BF1E17DA1C2100C3B544 /* ViewController.h */ = {isa = PBXFileReference; lastKnownFileType = sourcecode.c.h; path = ViewController.h; sourceTree = "<group>"; };
		CE86BF1F17DA1C2100C3B544 /* ViewController.m */ = {isa = PBXFileReference; lastKnownFileType = sourcecode.c.objc; path = ViewController.m; sourceTree = "<group>"; };
		CE86BF2117DA1C2100C3B544 /* Images.xcassets */ = {isa = PBXFileReference; lastKnownFileType = folder.assetcatalog; path = Images.xcassets; sourceTree = "<group>"; };
		CE86BF2717DA1C2100C3B544 /* Task1Tests.xctest */ = {isa = PBXFileReference; explicitFileType = wrapper.cfbundle; includeInIndex = 0; path = Task1Tests.xctest; sourceTree = BUILT_PRODUCTS_DIR; };
		CE86BF2817DA1C2100C3B544 /* XCTest.framework */ = {isa = PBXFileReference; lastKnownFileType = wrapper.framework; name = XCTest.framework; path = Library/Frameworks/XCTest.framework; sourceTree = DEVELOPER_DIR; };
		CE86BF3017DA1C2100C3B544 /* Task1Tests-Info.plist */ = {isa = PBXFileReference; lastKnownFileType = text.plist.xml; path = "Task1Tests-Info.plist"; sourceTree = "<group>"; };
		CE86BF3217DA1C2100C3B544 /* en */ = {isa = PBXFileReference; lastKnownFileType = text.plist.strings; name = en; path = en.lproj/InfoPlist.strings; sourceTree = "<group>"; };
		CE86BF3417DA1C2100C3B544 /* Task1Tests.m */ = {isa = PBXFileReference; lastKnownFileType = sourcecode.c.objc; path = Task1Tests.m; sourceTree = "<group>"; };
		CE86BF3E17DA20A200C3B544 /* RubinLogo.png */ = {isa = PBXFileReference; lastKnownFileType = image.png; path = RubinLogo.png; sourceTree = "<group>"; };
/* End PBXFileReference section */

/* Begin PBXFrameworksBuildPhase section */
		CE86BF0317DA1C2100C3B544 /* Frameworks */ = {
			isa = PBXFrameworksBuildPhase;
			buildActionMask = 2147483647;
			files = (
				CE86BF0C17DA1C2100C3B544 /* CoreGraphics.framework in Frameworks */,
				CE86BF0E17DA1C2100C3B544 /* UIKit.framework in Frameworks */,
				CE86BF0A17DA1C2100C3B544 /* Foundation.framework in Frameworks */,
			);
			runOnlyForDeploymentPostprocessing = 0;
		};
		CE86BF2417DA1C2100C3B544 /* Frameworks */ = {
			isa = PBXFrameworksBuildPhase;
			buildActionMask = 2147483647;
			files = (
				CE86BF2917DA1C2100C3B544 /* XCTest.framework in Frameworks */,
				CE86BF2B17DA1C2100C3B544 /* UIKit.framework in Frameworks */,
				CE86BF2A17DA1C2100C3B544 /* Foundation.framework in Frameworks */,
			);
			runOnlyForDeploymentPostprocessing = 0;
		};
/* End PBXFrameworksBuildPhase section */

/* Begin PBXGroup section */
		CE86BEFD17DA1C2100C3B544 = {
			isa = PBXGroup;
			children = (
				CE86BF0F17DA1C2100C3B544 /* Task1 */,
				CE86BF2E17DA1C2100C3B544 /* Task1Tests */,
				CE86BF0817DA1C2100C3B544 /* Frameworks */,
				CE86BF0717DA1C2100C3B544 /* Products */,
			);
			sourceTree = "<group>";
		};
		CE86BF0717DA1C2100C3B544 /* Products */ = {
			isa = PBXGroup;
			children = (
				CE86BF0617DA1C2100C3B544 /* Task1.app */,
				CE86BF2717DA1C2100C3B544 /* Task1Tests.xctest */,
			);
			name = Products;
			sourceTree = "<group>";
		};
		CE86BF0817DA1C2100C3B544 /* Frameworks */ = {
			isa = PBXGroup;
			children = (
				CE86BF0917DA1C2100C3B544 /* Foundation.framework */,
				CE86BF0B17DA1C2100C3B544 /* CoreGraphics.framework */,
				CE86BF0D17DA1C2100C3B544 /* UIKit.framework */,
				CE86BF2817DA1C2100C3B544 /* XCTest.framework */,
			);
			name = Frameworks;
			sourceTree = "<group>";
		};
		CE86BF0F17DA1C2100C3B544 /* Task1 */ = {
			isa = PBXGroup;
			children = (
				CE86BF1817DA1C2100C3B544 /* AppDelegate.h */,
				CE86BF1917DA1C2100C3B544 /* AppDelegate.m */,
				CE86BF1B17DA1C2100C3B544 /* Main.storyboard */,
				CE86BF3E17DA20A200C3B544 /* RubinLogo.png */,
				CE86BF1E17DA1C2100C3B544 /* ViewController.h */,
				CE86BF1F17DA1C2100C3B544 /* ViewController.m */,
				CE86BF2117DA1C2100C3B544 /* Images.xcassets */,
				CE86BF1017DA1C2100C3B544 /* Supporting Files */,
			);
			path = Task1;
			sourceTree = "<group>";
		};
		CE86BF1017DA1C2100C3B544 /* Supporting Files */ = {
			isa = PBXGroup;
			children = (
				CE86BF1117DA1C2100C3B544 /* Task1-Info.plist */,
				CE86BF1217DA1C2100C3B544 /* InfoPlist.strings */,
				CE86BF1517DA1C2100C3B544 /* main.m */,
				CE86BF1717DA1C2100C3B544 /* Task1-Prefix.pch */,
			);
			name = "Supporting Files";
			sourceTree = "<group>";
		};
		CE86BF2E17DA1C2100C3B544 /* Task1Tests */ = {
			isa = PBXGroup;
			children = (
				CE86BF3417DA1C2100C3B544 /* Task1Tests.m */,
				CE86BF2F17DA1C2100C3B544 /* Supporting Files */,
			);
			path = Task1Tests;
			sourceTree = "<group>";
		};
		CE86BF2F17DA1C2100C3B544 /* Supporting Files */ = {
			isa = PBXGroup;
			children = (
				CE86BF3017DA1C2100C3B544 /* Task1Tests-Info.plist */,
				CE86BF3117DA1C2100C3B544 /* InfoPlist.strings */,
			);
			name = "Supporting Files";
			sourceTree = "<group>";
		};
/* End PBXGroup section */

/* Begin PBXNativeTarget section */
		CE86BF0517DA1C2100C3B544 /* Task1 */ = {
			isa = PBXNativeTarget;
			buildConfigurationList = CE86BF3817DA1C2100C3B544 /* Build configuration list for PBXNativeTarget "Task1" */;
			buildPhases = (
				CE86BF0217DA1C2100C3B544 /* Sources */,
				CE86BF0317DA1C2100C3B544 /* Frameworks */,
				CE86BF0417DA1C2100C3B544 /* Resources */,
			);
			buildRules = (
			);
			dependencies = (
			);
			name = Task1;
			productName = Task1;
			productReference = CE86BF0617DA1C2100C3B544 /* Task1.app */;
			productType = "com.apple.product-type.application";
		};
		CE86BF2617DA1C2100C3B544 /* Task1Tests */ = {
			isa = PBXNativeTarget;
			buildConfigurationList = CE86BF3B17DA1C2100C3B544 /* Build configuration list for PBXNativeTarget "Task1Tests" */;
			buildPhases = (
				CE86BF2317DA1C2100C3B544 /* Sources */,
				CE86BF2417DA1C2100C3B544 /* Frameworks */,
				CE86BF2517DA1C2100C3B544 /* Resources */,
			);
			buildRules = (
			);
			dependencies = (
				CE86BF2D17DA1C2100C3B544 /* PBXTargetDependency */,
			);
			name = Task1Tests;
			productName = Task1Tests;
			productReference = CE86BF2717DA1C2100C3B544 /* Task1Tests.xctest */;
			productType = "com.apple.product-type.bundle.unit-test";
		};
/* End PBXNativeTarget section */

/* Begin PBXProject section */
		CE86BEFE17DA1C2100C3B544 /* Project object */ = {
			isa = PBXProject;
			attributes = {
				LastUpgradeCheck = 0500;
				ORGANIZATIONNAME = user;
				TargetAttributes = {
					CE86BF2617DA1C2100C3B544 = {
						TestTargetID = CE86BF0517DA1C2100C3B544;
					};
				};
			};
			buildConfigurationList = CE86BF0117DA1C2100C3B544 /* Build configuration list for PBXProject "Task1" */;
			compatibilityVersion = "Xcode 3.2";
			developmentRegion = English;
			hasScannedForEncodings = 0;
			knownRegions = (
				en,
				Base,
			);
			mainGroup = CE86BEFD17DA1C2100C3B544;
			productRefGroup = CE86BF0717DA1C2100C3B544 /* Products */;
			projectDirPath = "";
			projectRoot = "";
			targets = (
				CE86BF0517DA1C2100C3B544 /* Task1 */,
				CE86BF2617DA1C2100C3B544 /* Task1Tests */,
			);
		};
/* End PBXProject section */

/* Begin PBXResourcesBuildPhase section */
		CE86BF0417DA1C2100C3B544 /* Resources */ = {
			isa = PBXResourcesBuildPhase;
			buildActionMask = 2147483647;
			files = (
				CE86BF2217DA1C2100C3B544 /* Images.xcassets in Resources */,
				CE86BF1417DA1C2100C3B544 /* InfoPlist.strings in Resources */,
				CE86BF1D17DA1C2100C3B544 /* Main.storyboard in Resources */,
			);
			runOnlyForDeploymentPostprocessing = 0;
		};
		CE86BF2517DA1C2100C3B544 /* Resources */ = {
			isa = PBXResourcesBuildPhase;
			buildActionMask = 2147483647;
			files = (
				CE86BF3317DA1C2100C3B544 /* InfoPlist.strings in Resources */,
			);
			runOnlyForDeploymentPostprocessing = 0;
		};
/* End PBXResourcesBuildPhase section */

/* Begin PBXSourcesBuildPhase section */
		CE86BF0217DA1C2100C3B544 /* Sources */ = {
			isa = PBXSourcesBuildPhase;
			buildActionMask = 2147483647;
			files = (
				CE86BF2017DA1C2100C3B544 /* ViewController.m in Sources */,
				CE86BF1A17DA1C2100C3B544 /* AppDelegate.m in Sources */,
				CE86BF1617DA1C2100C3B544 /* main.m in Sources */,
			);
			runOnlyForDeploymentPostprocessing = 0;
		};
		CE86BF2317DA1C2100C3B544 /* Sources */ = {
			isa = PBXSourcesBuildPhase;
			buildActionMask = 2147483647;
			files = (
				CE86BF3517DA1C2100C3B544 /* Task1Tests.m in Sources */,
			);
			runOnlyForDeploymentPostprocessing = 0;
		};
/* End PBXSourcesBuildPhase section */

/* Begin PBXTargetDependency section */
		CE86BF2D17DA1C2100C3B544 /* PBXTargetDependency */ = {
			isa = PBXTargetDependency;
			target = CE86BF0517DA1C2100C3B544 /* Task1 */;
			targetProxy = CE86BF2C17DA1C2100C3B544 /* PBXContainerItemProxy */;
		};
/* End PBXTargetDependency section */

/* Begin PBXVariantGroup section */
		CE86BF1217DA1C2100C3B544 /* InfoPlist.strings */ = {
			isa = PBXVariantGroup;
			children = (
				CE86BF1317DA1C2100C3B544 /* en */,
			);
			name = InfoPlist.strings;
			sourceTree = "<group>";
		};
		CE86BF1B17DA1C2100C3B544 /* Main.storyboard */ = {
			isa = PBXVariantGroup;
			children = (
				CE86BF1C17DA1C2100C3B544 /* Base */,
			);
			name = Main.storyboard;
			sourceTree = "<group>";
		};
		CE86BF3117DA1C2100C3B544 /* InfoPlist.strings */ = {
			isa = PBXVariantGroup;
			children = (
				CE86BF3217DA1C2100C3B544 /* en */,
			);
			name = InfoPlist.strings;
			sourceTree = "<group>";
		};
/* End PBXVariantGroup section */

/* Begin XCBuildConfiguration section */
		CE86BF3617DA1C2100C3B544 /* Debug */ = {
			isa = XCBuildConfiguration;
			buildSettings = {
				ALWAYS_SEARCH_USER_PATHS = NO;
				CLANG_CXX_LANGUAGE_STANDARD = "gnu++0x";
				CLANG_CXX_LIBRARY = "libc++";
				CLANG_ENABLE_MODULES = YES;
				CLANG_ENABLE_OBJC_ARC = YES;
				CLANG_WARN_BOOL_CONVERSION = YES;
				CLANG_WARN_CONSTANT_CONVERSION = YES;
				CLANG_WARN_DIRECT_OBJC_ISA_USAGE = YES_ERROR;
				CLANG_WARN_EMPTY_BODY = YES;
				CLANG_WARN_ENUM_CONVERSION = YES;
				CLANG_WARN_INT_CONVERSION = YES;
				CLANG_WARN_OBJC_ROOT_CLASS = YES_ERROR;
				CLANG_WARN__DUPLICATE_METHOD_MATCH = YES;
				"CODE_SIGN_IDENTITY[sdk=iphoneos*]" = "iPhone Developer";
				COPY_PHASE_STRIP = NO;
				GCC_C_LANGUAGE_STANDARD = gnu99;
				GCC_DYNAMIC_NO_PIC = NO;
				GCC_OPTIMIZATION_LEVEL = 0;
				GCC_PREPROCESSOR_DEFINITIONS = (
					"DEBUG=1",
					"$(inherited)",
				);
				GCC_SYMBOLS_PRIVATE_EXTERN = NO;
				GCC_WARN_ABOUT_RETURN_TYPE = YES_ERROR;
				GCC_WARN_UNDECLARED_SELECTOR = YES;
				GCC_WARN_UNINITIALIZED_AUTOS = YES;
				GCC_WARN_UNUSED_FUNCTION = YES;
				GCC_WARN_UNUSED_VARIABLE = YES;
				IPHONEOS_DEPLOYMENT_TARGET = 7.0;
				ONLY_ACTIVE_ARCH = YES;
				SDKROOT = iphoneos;
			};
			name = Debug;
		};
		CE86BF3717DA1C2100C3B544 /* Release */ = {
			isa = XCBuildConfiguration;
			buildSettings = {
				ALWAYS_SEARCH_USER_PATHS = NO;
				CLANG_CXX_LANGUAGE_STANDARD = "gnu++0x";
				CLANG_CXX_LIBRARY = "libc++";
				CLANG_ENABLE_MODULES = YES;
				CLANG_ENABLE_OBJC_ARC = YES;
				CLANG_WARN_BOOL_CONVERSION = YES;
				CLANG_WARN_CONSTANT_CONVERSION = YES;
				CLANG_WARN_DIRECT_OBJC_ISA_USAGE = YES_ERROR;
				CLANG_WARN_EMPTY_BODY = YES;
				CLANG_WARN_ENUM_CONVERSION = YES;
				CLANG_WARN_INT_CONVERSION = YES;
				CLANG_WARN_OBJC_ROOT_CLASS = YES_ERROR;
				CLANG_WARN__DUPLICATE_METHOD_MATCH = YES;
				"CODE_SIGN_IDENTITY[sdk=iphoneos*]" = "iPhone Developer";
				COPY_PHASE_STRIP = YES;
				ENABLE_NS_ASSERTIONS = NO;
				GCC_C_LANGUAGE_STANDARD = gnu99;
				GCC_WARN_ABOUT_RETURN_TYPE = YES_ERROR;
				GCC_WARN_UNDECLARED_SELECTOR = YES;
				GCC_WARN_UNINITIALIZED_AUTOS = YES;
				GCC_WARN_UNUSED_FUNCTION = YES;
				GCC_WARN_UNUSED_VARIABLE = YES;
				IPHONEOS_DEPLOYMENT_TARGET = 7.0;
				SDKROOT = iphoneos;
				VALIDATE_PRODUCT = YES;
			};
			name = Release;
		};
		CE86BF3917DA1C2100C3B544 /* Debug */ = {
			isa = XCBuildConfiguration;
			buildSettings = {
				ASSETCATALOG_COMPILER_APPICON_NAME = AppIcon;
				ASSETCATALOG_COMPILER_LAUNCHIMAGE_NAME = LaunchImage;
				GCC_PRECOMPILE_PREFIX_HEADER = YES;
				GCC_PREFIX_HEADER = "Task1/Task1-Prefix.pch";
				INFOPLIST_FILE = "Task1/Task1-Info.plist";
				PRODUCT_NAME = "$(TARGET_NAME)";
				WRAPPER_EXTENSION = app;
			};
			name = Debug;
		};
		CE86BF3A17DA1C2100C3B544 /* Release */ = {
			isa = XCBuildConfiguration;
			buildSettings = {
				ASSETCATALOG_COMPILER_APPICON_NAME = AppIcon;
				ASSETCATALOG_COMPILER_LAUNCHIMAGE_NAME = LaunchImage;
				GCC_PRECOMPILE_PREFIX_HEADER = YES;
				GCC_PREFIX_HEADER = "Task1/Task1-Prefix.pch";
				INFOPLIST_FILE = "Task1/Task1-Info.plist";
				PRODUCT_NAME = "$(TARGET_NAME)";
				WRAPPER_EXTENSION = app;
			};
			name = Release;
		};
		CE86BF3C17DA1C2100C3B544 /* Debug */ = {
			isa = XCBuildConfiguration;
			buildSettings = {
				BUNDLE_LOADER = "$(BUILT_PRODUCTS_DIR)/Task1.app/Task1";
				FRAMEWORK_SEARCH_PATHS = (
					"$(SDKROOT)/Developer/Library/Frameworks",
					"$(inherited)",
					"$(DEVELOPER_FRAMEWORKS_DIR)",
				);
				GCC_PRECOMPILE_PREFIX_HEADER = YES;
				GCC_PREFIX_HEADER = "Task1/Task1-Prefix.pch";
				GCC_PREPROCESSOR_DEFINITIONS = (
					"DEBUG=1",
					"$(inherited)",
				);
				INFOPLIST_FILE = "Task1Tests/Task1Tests-Info.plist";
				PRODUCT_NAME = "$(TARGET_NAME)";
				TEST_HOST = "$(BUNDLE_LOADER)";
				WRAPPER_EXTENSION = xctest;
			};
			name = Debug;
		};
		CE86BF3D17DA1C2100C3B544 /* Release */ = {
			isa = XCBuildConfiguration;
			buildSettings = {
				BUNDLE_LOADER = "$(BUILT_PRODUCTS_DIR)/Task1.app/Task1";
				FRAMEWORK_SEARCH_PATHS = (
					"$(SDKROOT)/Developer/Library/Frameworks",
					"$(inherited)",
					"$(DEVELOPER_FRAMEWORKS_DIR)",
				);
				GCC_PRECOMPILE_PREFIX_HEADER = YES;
				GCC_PREFIX_HEADER = "Task1/Task1-Prefix.pch";
				INFOPLIST_FILE = "Task1Tests/Task1Tests-Info.plist";
				PRODUCT_NAME = "$(TARGET_NAME)";
				TEST_HOST = "$(BUNDLE_LOADER)";
				WRAPPER_EXTENSION = xctest;
			};
			name = Release;
		};
/* End XCBuildConfiguration section */

/* Begin XCConfigurationList section */
		CE86BF0117DA1C2100C3B544 /* Build configuration list for PBXProject "Task1" */ = {
			isa = XCConfigurationList;
			buildConfigurations = (
				CE86BF3617DA1C2100C3B544 /* Debug */,
				CE86BF3717DA1C2100C3B544 /* Release */,
			);
			defaultConfigurationIsVisible = 0;
			defaultConfigurationName = Release;
		};
		CE86BF3817DA1C2100C3B544 /* Build configuration list for PBXNativeTarget "Task1" */ = {
			isa = XCConfigurationList;
			buildConfigurations = (
				CE86BF3917DA1C2100C3B544 /* Debug */,
				CE86BF3A17DA1C2100C3B544 /* Release */,
			);
			defaultConfigurationIsVisible = 0;
		};
		CE86BF3B17DA1C2100C3B544 /* Build configuration list for PBXNativeTarget "Task1Tests" */ = {
			isa = XCConfigurationList;
			buildConfigurations = (
				CE86BF3C17DA1C2100C3B544 /* Debug */,
				CE86BF3D17DA1C2100C3B544 /* Release */,
			);
			defaultConfigurationIsVisible = 0;
		};
/* End XCConfigurationList section */
	};
	rootObject = CE86BEFE17DA1C2100C3B544 /* Project object */;
}
