// !$*UTF8*$!
{
	archiveVersion = 1;
	classes = {
	};
	objectVersion = 46;
	objects = {

/* Begin PBXBuildFile section */
		CE83105A17E09C8000CC3AFE /* item1.png in Resources */ = {isa = PBXBuildFile; fileRef = CE83105417E09C8000CC3AFE /* item1.png */; };
		CE83105B17E09C8000CC3AFE /* item2.png in Resources */ = {isa = PBXBuildFile; fileRef = CE83105517E09C8000CC3AFE /* item2.png */; };
		CE83105C17E09C8000CC3AFE /* item3.png in Resources */ = {isa = PBXBuildFile; fileRef = CE83105617E09C8000CC3AFE /* item3.png */; };
		CE83105D17E09C8000CC3AFE /* item4.png in Resources */ = {isa = PBXBuildFile; fileRef = CE83105717E09C8000CC3AFE /* item4.png */; };
		CE83105E17E09C8000CC3AFE /* item5.png in Resources */ = {isa = PBXBuildFile; fileRef = CE83105817E09C8000CC3AFE /* item5.png */; };
		CE83105F17E09C8000CC3AFE /* item6.png in Resources */ = {isa = PBXBuildFile; fileRef = CE83105917E09C8000CC3AFE /* item6.png */; };
		CEB92D3717E094DA003116F4 /* Foundation.framework in Frameworks */ = {isa = PBXBuildFile; fileRef = CEB92D3617E094DA003116F4 /* Foundation.framework */; };
		CEB92D3917E094DA003116F4 /* CoreGraphics.framework in Frameworks */ = {isa = PBXBuildFile; fileRef = CEB92D3817E094DA003116F4 /* CoreGraphics.framework */; };
		CEB92D3B17E094DA003116F4 /* UIKit.framework in Frameworks */ = {isa = PBXBuildFile; fileRef = CEB92D3A17E094DA003116F4 /* UIKit.framework */; };
		CEB92D4117E094DA003116F4 /* InfoPlist.strings in Resources */ = {isa = PBXBuildFile; fileRef = CEB92D3F17E094DA003116F4 /* InfoPlist.strings */; };
		CEB92D4317E094DA003116F4 /* main.m in Sources */ = {isa = PBXBuildFile; fileRef = CEB92D4217E094DA003116F4 /* main.m */; };
		CEB92D4717E094DA003116F4 /* AppDelegate.m in Sources */ = {isa = PBXBuildFile; fileRef = CEB92D4617E094DA003116F4 /* AppDelegate.m */; };
		CEB92D4A17E094DA003116F4 /* Main.storyboard in Resources */ = {isa = PBXBuildFile; fileRef = CEB92D4817E094DA003116F4 /* Main.storyboard */; };
		CEB92D4D17E094DA003116F4 /* ViewController.m in Sources */ = {isa = PBXBuildFile; fileRef = CEB92D4C17E094DA003116F4 /* ViewController.m */; };
		CEB92D4F17E094DA003116F4 /* Images.xcassets in Resources */ = {isa = PBXBuildFile; fileRef = CEB92D4E17E094DA003116F4 /* Images.xcassets */; };
		CEB92D5617E094DA003116F4 /* XCTest.framework in Frameworks */ = {isa = PBXBuildFile; fileRef = CEB92D5517E094DA003116F4 /* XCTest.framework */; };
		CEB92D5717E094DA003116F4 /* Foundation.framework in Frameworks */ = {isa = PBXBuildFile; fileRef = CEB92D3617E094DA003116F4 /* Foundation.framework */; };
		CEB92D5817E094DA003116F4 /* UIKit.framework in Frameworks */ = {isa = PBXBuildFile; fileRef = CEB92D3A17E094DA003116F4 /* UIKit.framework */; };
		CEB92D6017E094DA003116F4 /* InfoPlist.strings in Resources */ = {isa = PBXBuildFile; fileRef = CEB92D5E17E094DA003116F4 /* InfoPlist.strings */; };
		CEB92D6217E094DA003116F4 /* Task3Tests.m in Sources */ = {isa = PBXBuildFile; fileRef = CEB92D6117E094DA003116F4 /* Task3Tests.m */; };
		CEB92D6D17E09AA5003116F4 /* CellController.m in Sources */ = {isa = PBXBuildFile; fileRef = CEB92D6C17E09AA5003116F4 /* CellController.m */; };
		CEF5DCDA17E0A6D600AA4626 /* RubinLogo.png in Resources */ = {isa = PBXBuildFile; fileRef = CEF5DCD917E0A6D600AA4626 /* RubinLogo.png */; };
/* End PBXBuildFile section */

/* Begin PBXContainerItemProxy section */
		CEB92D5917E094DA003116F4 /* PBXContainerItemProxy */ = {
			isa = PBXContainerItemProxy;
			containerPortal = CEB92D2B17E094DA003116F4 /* Project object */;
			proxyType = 1;
			remoteGlobalIDString = CEB92D3217E094DA003116F4;
			remoteInfo = Task3;
		};
/* End PBXContainerItemProxy section */

/* Begin PBXFileReference section */
		CE83105417E09C8000CC3AFE /* item1.png */ = {isa = PBXFileReference; lastKnownFileType = image.png; path = item1.png; sourceTree = "<group>"; };
		CE83105517E09C8000CC3AFE /* item2.png */ = {isa = PBXFileReference; lastKnownFileType = image.png; path = item2.png; sourceTree = "<group>"; };
		CE83105617E09C8000CC3AFE /* item3.png */ = {isa = PBXFileReference; lastKnownFileType = image.png; path = item3.png; sourceTree = "<group>"; };
		CE83105717E09C8000CC3AFE /* item4.png */ = {isa = PBXFileReference; lastKnownFileType = image.png; path = item4.png; sourceTree = "<group>"; };
		CE83105817E09C8000CC3AFE /* item5.png */ = {isa = PBXFileReference; lastKnownFileType = image.png; path = item5.png; sourceTree = "<group>"; };
		CE83105917E09C8000CC3AFE /* item6.png */ = {isa = PBXFileReference; lastKnownFileType = image.png; path = item6.png; sourceTree = "<group>"; };
		CEB92D3317E094DA003116F4 /* Task3.app */ = {isa = PBXFileReference; explicitFileType = wrapper.application; includeInIndex = 0; path = Task3.app; sourceTree = BUILT_PRODUCTS_DIR; };
		CEB92D3617E094DA003116F4 /* Foundation.framework */ = {isa = PBXFileReference; lastKnownFileType = wrapper.framework; name = Foundation.framework; path = System/Library/Frameworks/Foundation.framework; sourceTree = SDKROOT; };
		CEB92D3817E094DA003116F4 /* CoreGraphics.framework */ = {isa = PBXFileReference; lastKnownFileType = wrapper.framework; name = CoreGraphics.framework; path = System/Library/Frameworks/CoreGraphics.framework; sourceTree = SDKROOT; };
		CEB92D3A17E094DA003116F4 /* UIKit.framework */ = {isa = PBXFileReference; lastKnownFileType = wrapper.framework; name = UIKit.framework; path = System/Library/Frameworks/UIKit.framework; sourceTree = SDKROOT; };
		CEB92D3E17E094DA003116F4 /* Task3-Info.plist */ = {isa = PBXFileReference; lastKnownFileType = text.plist.xml; path = "Task3-Info.plist"; sourceTree = "<group>"; };
		CEB92D4017E094DA003116F4 /* en */ = {isa = PBXFileReference; lastKnownFileType = text.plist.strings; name = en; path = en.lproj/InfoPlist.strings; sourceTree = "<group>"; };
		CEB92D4217E094DA003116F4 /* main.m */ = {isa = PBXFileReference; lastKnownFileType = sourcecode.c.objc; path = main.m; sourceTree = "<group>"; };
		CEB92D4417E094DA003116F4 /* Task3-Prefix.pch */ = {isa = PBXFileReference; lastKnownFileType = sourcecode.c.h; path = "Task3-Prefix.pch"; sourceTree = "<group>"; };
		CEB92D4517E094DA003116F4 /* AppDelegate.h */ = {isa = PBXFileReference; lastKnownFileType = sourcecode.c.h; path = AppDelegate.h; sourceTree = "<group>"; };
		CEB92D4617E094DA003116F4 /* AppDelegate.m */ = {isa = PBXFileReference; lastKnownFileType = sourcecode.c.objc; path = AppDelegate.m; sourceTree = "<group>"; };
		CEB92D4917E094DA003116F4 /* Base */ = {isa = PBXFileReference; lastKnownFileType = file.storyboard; name = Base; path = Base.lproj/Main.storyboard; sourceTree = "<group>"; };
		CEB92D4B17E094DA003116F4 /* ViewController.h */ = {isa = PBXFileReference; lastKnownFileType = sourcecode.c.h; path = ViewController.h; sourceTree = "<group>"; };
		CEB92D4C17E094DA003116F4 /* ViewController.m */ = {isa = PBXFileReference; lastKnownFileType = sourcecode.c.objc; path = ViewController.m; sourceTree = "<group>"; };
		CEB92D4E17E094DA003116F4 /* Images.xcassets */ = {isa = PBXFileReference; lastKnownFileType = folder.assetcatalog; path = Images.xcassets; sourceTree = "<group>"; };
		CEB92D5417E094DA003116F4 /* Task3Tests.xctest */ = {isa = PBXFileReference; explicitFileType = wrapper.cfbundle; includeInIndex = 0; path = Task3Tests.xctest; sourceTree = BUILT_PRODUCTS_DIR; };
		CEB92D5517E094DA003116F4 /* XCTest.framework */ = {isa = PBXFileReference; lastKnownFileType = wrapper.framework; name = XCTest.framework; path = Library/Frameworks/XCTest.framework; sourceTree = DEVELOPER_DIR; };
		CEB92D5D17E094DA003116F4 /* Task3Tests-Info.plist */ = {isa = PBXFileReference; lastKnownFileType = text.plist.xml; path = "Task3Tests-Info.plist"; sourceTree = "<group>"; };
		CEB92D5F17E094DA003116F4 /* en */ = {isa = PBXFileReference; lastKnownFileType = text.plist.strings; name = en; path = en.lproj/InfoPlist.strings; sourceTree = "<group>"; };
		CEB92D6117E094DA003116F4 /* Task3Tests.m */ = {isa = PBXFileReference; lastKnownFileType = sourcecode.c.objc; path = Task3Tests.m; sourceTree = "<group>"; };
		CEB92D6B17E09AA5003116F4 /* CellController.h */ = {isa = PBXFileReference; fileEncoding = 4; lastKnownFileType = sourcecode.c.h; path = CellController.h; sourceTree = "<group>"; };
		CEB92D6C17E09AA5003116F4 /* CellController.m */ = {isa = PBXFileReference; fileEncoding = 4; lastKnownFileType = sourcecode.c.objc; path = CellController.m; sourceTree = "<group>"; };
		CEF5DCD917E0A6D600AA4626 /* RubinLogo.png */ = {isa = PBXFileReference; lastKnownFileType = image.png; path = RubinLogo.png; sourceTree = "<group>"; };
/* End PBXFileReference section */

/* Begin PBXFrameworksBuildPhase section */
		CEB92D3017E094DA003116F4 /* Frameworks */ = {
			isa = PBXFrameworksBuildPhase;
			buildActionMask = 2147483647;
			files = (
				CEB92D3917E094DA003116F4 /* CoreGraphics.framework in Frameworks */,
				CEB92D3B17E094DA003116F4 /* UIKit.framework in Frameworks */,
				CEB92D3717E094DA003116F4 /* Foundation.framework in Frameworks */,
			);
			runOnlyForDeploymentPostprocessing = 0;
		};
		CEB92D5117E094DA003116F4 /* Frameworks */ = {
			isa = PBXFrameworksBuildPhase;
			buildActionMask = 2147483647;
			files = (
				CEB92D5617E094DA003116F4 /* XCTest.framework in Frameworks */,
				CEB92D5817E094DA003116F4 /* UIKit.framework in Frameworks */,
				CEB92D5717E094DA003116F4 /* Foundation.framework in Frameworks */,
			);
			runOnlyForDeploymentPostprocessing = 0;
		};
/* End PBXFrameworksBuildPhase section */

/* Begin PBXGroup section */
		CEB92D2A17E094DA003116F4 = {
			isa = PBXGroup;
			children = (
				CEB92D3C17E094DA003116F4 /* Task3 */,
				CEB92D5B17E094DA003116F4 /* Task3Tests */,
				CEB92D3517E094DA003116F4 /* Frameworks */,
				CEB92D3417E094DA003116F4 /* Products */,
			);
			sourceTree = "<group>";
		};
		CEB92D3417E094DA003116F4 /* Products */ = {
			isa = PBXGroup;
			children = (
				CEB92D3317E094DA003116F4 /* Task3.app */,
				CEB92D5417E094DA003116F4 /* Task3Tests.xctest */,
			);
			name = Products;
			sourceTree = "<group>";
		};
		CEB92D3517E094DA003116F4 /* Frameworks */ = {
			isa = PBXGroup;
			children = (
				CEB92D3617E094DA003116F4 /* Foundation.framework */,
				CEB92D3817E094DA003116F4 /* CoreGraphics.framework */,
				CEB92D3A17E094DA003116F4 /* UIKit.framework */,
				CEB92D5517E094DA003116F4 /* XCTest.framework */,
			);
			name = Frameworks;
			sourceTree = "<group>";
		};
		CEB92D3C17E094DA003116F4 /* Task3 */ = {
			isa = PBXGroup;
			children = (
				CEF5DCD917E0A6D600AA4626 /* RubinLogo.png */,
				CE83105417E09C8000CC3AFE /* item1.png */,
				CE83105517E09C8000CC3AFE /* item2.png */,
				CE83105617E09C8000CC3AFE /* item3.png */,
				CE83105717E09C8000CC3AFE /* item4.png */,
				CE83105817E09C8000CC3AFE /* item5.png */,
				CE83105917E09C8000CC3AFE /* item6.png */,
				CEB92D4517E094DA003116F4 /* AppDelegate.h */,
				CEB92D4617E094DA003116F4 /* AppDelegate.m */,
				CEB92D4817E094DA003116F4 /* Main.storyboard */,
				CEB92D4B17E094DA003116F4 /* ViewController.h */,
				CEB92D4C17E094DA003116F4 /* ViewController.m */,
				CEB92D4E17E094DA003116F4 /* Images.xcassets */,
				CEB92D3D17E094DA003116F4 /* Supporting Files */,
				CEB92D6B17E09AA5003116F4 /* CellController.h */,
				CEB92D6C17E09AA5003116F4 /* CellController.m */,
			);
			path = Task3;
			sourceTree = "<group>";
		};
		CEB92D3D17E094DA003116F4 /* Supporting Files */ = {
			isa = PBXGroup;
			children = (
				CEB92D3E17E094DA003116F4 /* Task3-Info.plist */,
				CEB92D3F17E094DA003116F4 /* InfoPlist.strings */,
				CEB92D4217E094DA003116F4 /* main.m */,
				CEB92D4417E094DA003116F4 /* Task3-Prefix.pch */,
			);
			name = "Supporting Files";
			sourceTree = "<group>";
		};
		CEB92D5B17E094DA003116F4 /* Task3Tests */ = {
			isa = PBXGroup;
			children = (
				CEB92D6117E094DA003116F4 /* Task3Tests.m */,
				CEB92D5C17E094DA003116F4 /* Supporting Files */,
			);
			path = Task3Tests;
			sourceTree = "<group>";
		};
		CEB92D5C17E094DA003116F4 /* Supporting Files */ = {
			isa = PBXGroup;
			children = (
				CEB92D5D17E094DA003116F4 /* Task3Tests-Info.plist */,
				CEB92D5E17E094DA003116F4 /* InfoPlist.strings */,
			);
			name = "Supporting Files";
			sourceTree = "<group>";
		};
/* End PBXGroup section */

/* Begin PBXNativeTarget section */
		CEB92D3217E094DA003116F4 /* Task3 */ = {
			isa = PBXNativeTarget;
			buildConfigurationList = CEB92D6517E094DA003116F4 /* Build configuration list for PBXNativeTarget "Task3" */;
			buildPhases = (
				CEB92D2F17E094DA003116F4 /* Sources */,
				CEB92D3017E094DA003116F4 /* Frameworks */,
				CEB92D3117E094DA003116F4 /* Resources */,
			);
			buildRules = (
			);
			dependencies = (
			);
			name = Task3;
			productName = Task3;
			productReference = CEB92D3317E094DA003116F4 /* Task3.app */;
			productType = "com.apple.product-type.application";
		};
		CEB92D5317E094DA003116F4 /* Task3Tests */ = {
			isa = PBXNativeTarget;
			buildConfigurationList = CEB92D6817E094DA003116F4 /* Build configuration list for PBXNativeTarget "Task3Tests" */;
			buildPhases = (
				CEB92D5017E094DA003116F4 /* Sources */,
				CEB92D5117E094DA003116F4 /* Frameworks */,
				CEB92D5217E094DA003116F4 /* Resources */,
			);
			buildRules = (
			);
			dependencies = (
				CEB92D5A17E094DA003116F4 /* PBXTargetDependency */,
			);
			name = Task3Tests;
			productName = Task3Tests;
			productReference = CEB92D5417E094DA003116F4 /* Task3Tests.xctest */;
			productType = "com.apple.product-type.bundle.unit-test";
		};
/* End PBXNativeTarget section */

/* Begin PBXProject section */
		CEB92D2B17E094DA003116F4 /* Project object */ = {
			isa = PBXProject;
			attributes = {
				LastUpgradeCheck = 0500;
				ORGANIZATIONNAME = user;
				TargetAttributes = {
					CEB92D5317E094DA003116F4 = {
						TestTargetID = CEB92D3217E094DA003116F4;
					};
				};
			};
			buildConfigurationList = CEB92D2E17E094DA003116F4 /* Build configuration list for PBXProject "Task3" */;
			compatibilityVersion = "Xcode 3.2";
			developmentRegion = English;
			hasScannedForEncodings = 0;
			knownRegions = (
				en,
				Base,
			);
			mainGroup = CEB92D2A17E094DA003116F4;
			productRefGroup = CEB92D3417E094DA003116F4 /* Products */;
			projectDirPath = "";
			projectRoot = "";
			targets = (
				CEB92D3217E094DA003116F4 /* Task3 */,
				CEB92D5317E094DA003116F4 /* Task3Tests */,
			);
		};
/* End PBXProject section */

/* Begin PBXResourcesBuildPhase section */
		CEB92D3117E094DA003116F4 /* Resources */ = {
			isa = PBXResourcesBuildPhase;
			buildActionMask = 2147483647;
			files = (
				CE83105E17E09C8000CC3AFE /* item5.png in Resources */,
				CE83105A17E09C8000CC3AFE /* item1.png in Resources */,
				CE83105B17E09C8000CC3AFE /* item2.png in Resources */,
				CEF5DCDA17E0A6D600AA4626 /* RubinLogo.png in Resources */,
				CE83105D17E09C8000CC3AFE /* item4.png in Resources */,
				CE83105C17E09C8000CC3AFE /* item3.png in Resources */,
				CEB92D4F17E094DA003116F4 /* Images.xcassets in Resources */,
				CEB92D4117E094DA003116F4 /* InfoPlist.strings in Resources */,
				CEB92D4A17E094DA003116F4 /* Main.storyboard in Resources */,
				CE83105F17E09C8000CC3AFE /* item6.png in Resources */,
			);
			runOnlyForDeploymentPostprocessing = 0;
		};
		CEB92D5217E094DA003116F4 /* Resources */ = {
			isa = PBXResourcesBuildPhase;
			buildActionMask = 2147483647;
			files = (
				CEB92D6017E094DA003116F4 /* InfoPlist.strings in Resources */,
			);
			runOnlyForDeploymentPostprocessing = 0;
		};
/* End PBXResourcesBuildPhase section */

/* Begin PBXSourcesBuildPhase section */
		CEB92D2F17E094DA003116F4 /* Sources */ = {
			isa = PBXSourcesBuildPhase;
			buildActionMask = 2147483647;
			files = (
				CEB92D4D17E094DA003116F4 /* ViewController.m in Sources */,
				CEB92D4717E094DA003116F4 /* AppDelegate.m in Sources */,
				CEB92D4317E094DA003116F4 /* main.m in Sources */,
				CEB92D6D17E09AA5003116F4 /* CellController.m in Sources */,
			);
			runOnlyForDeploymentPostprocessing = 0;
		};
		CEB92D5017E094DA003116F4 /* Sources */ = {
			isa = PBXSourcesBuildPhase;
			buildActionMask = 2147483647;
			files = (
				CEB92D6217E094DA003116F4 /* Task3Tests.m in Sources */,
			);
			runOnlyForDeploymentPostprocessing = 0;
		};
/* End PBXSourcesBuildPhase section */

/* Begin PBXTargetDependency section */
		CEB92D5A17E094DA003116F4 /* PBXTargetDependency */ = {
			isa = PBXTargetDependency;
			target = CEB92D3217E094DA003116F4 /* Task3 */;
			targetProxy = CEB92D5917E094DA003116F4 /* PBXContainerItemProxy */;
		};
/* End PBXTargetDependency section */

/* Begin PBXVariantGroup section */
		CEB92D3F17E094DA003116F4 /* InfoPlist.strings */ = {
			isa = PBXVariantGroup;
			children = (
				CEB92D4017E094DA003116F4 /* en */,
			);
			name = InfoPlist.strings;
			sourceTree = "<group>";
		};
		CEB92D4817E094DA003116F4 /* Main.storyboard */ = {
			isa = PBXVariantGroup;
			children = (
				CEB92D4917E094DA003116F4 /* Base */,
			);
			name = Main.storyboard;
			sourceTree = "<group>";
		};
		CEB92D5E17E094DA003116F4 /* InfoPlist.strings */ = {
			isa = PBXVariantGroup;
			children = (
				CEB92D5F17E094DA003116F4 /* en */,
			);
			name = InfoPlist.strings;
			sourceTree = "<group>";
		};
/* End PBXVariantGroup section */

/* Begin XCBuildConfiguration section */
		CEB92D6317E094DA003116F4 /* Debug */ = {
			isa = XCBuildConfiguration;
			buildSettings = {
				ALWAYS_SEARCH_USER_PATHS = NO;
				CLANG_CXX_LANGUAGE_STANDARD = "gnu++0x";
				CLANG_CXX_LIBRARY = "libc++";
				CLANG_ENABLE_MODULES = YES;
				CLANG_ENABLE_OBJC_ARC = YES;
				CLANG_WARN_BOOL_CONVERSION = YES;
				CLANG_WARN_CONSTANT_CONVERSION = YES;
				CLANG_WARN_DIRECT_OBJC_ISA_USAGE = YES_ERROR;
				CLANG_WARN_EMPTY_BODY = YES;
				CLANG_WARN_ENUM_CONVERSION = YES;
				CLANG_WARN_INT_CONVERSION = YES;
				CLANG_WARN_OBJC_ROOT_CLASS = YES_ERROR;
				CLANG_WARN__DUPLICATE_METHOD_MATCH = YES;
				"CODE_SIGN_IDENTITY[sdk=iphoneos*]" = "iPhone Developer";
				COPY_PHASE_STRIP = NO;
				GCC_C_LANGUAGE_STANDARD = gnu99;
				GCC_DYNAMIC_NO_PIC = NO;
				GCC_OPTIMIZATION_LEVEL = 0;
				GCC_PREPROCESSOR_DEFINITIONS = (
					"DEBUG=1",
					"$(inherited)",
				);
				GCC_SYMBOLS_PRIVATE_EXTERN = NO;
				GCC_WARN_ABOUT_RETURN_TYPE = YES_ERROR;
				GCC_WARN_UNDECLARED_SELECTOR = YES;
				GCC_WARN_UNINITIALIZED_AUTOS = YES;
				GCC_WARN_UNUSED_FUNCTION = YES;
				GCC_WARN_UNUSED_VARIABLE = YES;
				IPHONEOS_DEPLOYMENT_TARGET = 7.0;
				ONLY_ACTIVE_ARCH = YES;
				SDKROOT = iphoneos;
			};
			name = Debug;
		};
		CEB92D6417E094DA003116F4 /* Release */ = {
			isa = XCBuildConfiguration;
			buildSettings = {
				ALWAYS_SEARCH_USER_PATHS = NO;
				CLANG_CXX_LANGUAGE_STANDARD = "gnu++0x";
				CLANG_CXX_LIBRARY = "libc++";
				CLANG_ENABLE_MODULES = YES;
				CLANG_ENABLE_OBJC_ARC = YES;
				CLANG_WARN_BOOL_CONVERSION = YES;
				CLANG_WARN_CONSTANT_CONVERSION = YES;
				CLANG_WARN_DIRECT_OBJC_ISA_USAGE = YES_ERROR;
				CLANG_WARN_EMPTY_BODY = YES;
				CLANG_WARN_ENUM_CONVERSION = YES;
				CLANG_WARN_INT_CONVERSION = YES;
				CLANG_WARN_OBJC_ROOT_CLASS = YES_ERROR;
				CLANG_WARN__DUPLICATE_METHOD_MATCH = YES;
				"CODE_SIGN_IDENTITY[sdk=iphoneos*]" = "iPhone Developer";
				COPY_PHASE_STRIP = YES;
				ENABLE_NS_ASSERTIONS = NO;
				GCC_C_LANGUAGE_STANDARD = gnu99;
				GCC_WARN_ABOUT_RETURN_TYPE = YES_ERROR;
				GCC_WARN_UNDECLARED_SELECTOR = YES;
				GCC_WARN_UNINITIALIZED_AUTOS = YES;
				GCC_WARN_UNUSED_FUNCTION = YES;
				GCC_WARN_UNUSED_VARIABLE = YES;
				IPHONEOS_DEPLOYMENT_TARGET = 7.0;
				SDKROOT = iphoneos;
				VALIDATE_PRODUCT = YES;
			};
			name = Release;
		};
		CEB92D6617E094DA003116F4 /* Debug */ = {
			isa = XCBuildConfiguration;
			buildSettings = {
				ASSETCATALOG_COMPILER_APPICON_NAME = AppIcon;
				ASSETCATALOG_COMPILER_LAUNCHIMAGE_NAME = LaunchImage;
				GCC_PRECOMPILE_PREFIX_HEADER = YES;
				GCC_PREFIX_HEADER = "Task3/Task3-Prefix.pch";
				INFOPLIST_FILE = "Task3/Task3-Info.plist";
				PRODUCT_NAME = "$(TARGET_NAME)";
				WRAPPER_EXTENSION = app;
			};
			name = Debug;
		};
		CEB92D6717E094DA003116F4 /* Release */ = {
			isa = XCBuildConfiguration;
			buildSettings = {
				ASSETCATALOG_COMPILER_APPICON_NAME = AppIcon;
				ASSETCATALOG_COMPILER_LAUNCHIMAGE_NAME = LaunchImage;
				GCC_PRECOMPILE_PREFIX_HEADER = YES;
				GCC_PREFIX_HEADER = "Task3/Task3-Prefix.pch";
				INFOPLIST_FILE = "Task3/Task3-Info.plist";
				PRODUCT_NAME = "$(TARGET_NAME)";
				WRAPPER_EXTENSION = app;
			};
			name = Release;
		};
		CEB92D6917E094DA003116F4 /* Debug */ = {
			isa = XCBuildConfiguration;
			buildSettings = {
				BUNDLE_LOADER = "$(BUILT_PRODUCTS_DIR)/Task3.app/Task3";
				FRAMEWORK_SEARCH_PATHS = (
					"$(SDKROOT)/Developer/Library/Frameworks",
					"$(inherited)",
					"$(DEVELOPER_FRAMEWORKS_DIR)",
				);
				GCC_PRECOMPILE_PREFIX_HEADER = YES;
				GCC_PREFIX_HEADER = "Task3/Task3-Prefix.pch";
				GCC_PREPROCESSOR_DEFINITIONS = (
					"DEBUG=1",
					"$(inherited)",
				);
				INFOPLIST_FILE = "Task3Tests/Task3Tests-Info.plist";
				PRODUCT_NAME = "$(TARGET_NAME)";
				TEST_HOST = "$(BUNDLE_LOADER)";
				WRAPPER_EXTENSION = xctest;
			};
			name = Debug;
		};
		CEB92D6A17E094DA003116F4 /* Release */ = {
			isa = XCBuildConfiguration;
			buildSettings = {
				BUNDLE_LOADER = "$(BUILT_PRODUCTS_DIR)/Task3.app/Task3";
				FRAMEWORK_SEARCH_PATHS = (
					"$(SDKROOT)/Developer/Library/Frameworks",
					"$(inherited)",
					"$(DEVELOPER_FRAMEWORKS_DIR)",
				);
				GCC_PRECOMPILE_PREFIX_HEADER = YES;
				GCC_PREFIX_HEADER = "Task3/Task3-Prefix.pch";
				INFOPLIST_FILE = "Task3Tests/Task3Tests-Info.plist";
				PRODUCT_NAME = "$(TARGET_NAME)";
				TEST_HOST = "$(BUNDLE_LOADER)";
				WRAPPER_EXTENSION = xctest;
			};
			name = Release;
		};
/* End XCBuildConfiguration section */

/* Begin XCConfigurationList section */
		CEB92D2E17E094DA003116F4 /* Build configuration list for PBXProject "Task3" */ = {
			isa = XCConfigurationList;
			buildConfigurations = (
				CEB92D6317E094DA003116F4 /* Debug */,
				CEB92D6417E094DA003116F4 /* Release */,
			);
			defaultConfigurationIsVisible = 0;
			defaultConfigurationName = Release;
		};
		CEB92D6517E094DA003116F4 /* Build configuration list for PBXNativeTarget "Task3" */ = {
			isa = XCConfigurationList;
			buildConfigurations = (
				CEB92D6617E094DA003116F4 /* Debug */,
				CEB92D6717E094DA003116F4 /* Release */,
			);
			defaultConfigurationIsVisible = 0;
			defaultConfigurationName = Release;
		};
		CEB92D6817E094DA003116F4 /* Build configuration list for PBXNativeTarget "Task3Tests" */ = {
			isa = XCConfigurationList;
			buildConfigurations = (
				CEB92D6917E094DA003116F4 /* Debug */,
				CEB92D6A17E094DA003116F4 /* Release */,
			);
			defaultConfigurationIsVisible = 0;
			defaultConfigurationName = Release;
		};
/* End XCConfigurationList section */
	};
	rootObject = CEB92D2B17E094DA003116F4 /* Project object */;
}
